
Microsoft Visual Studio Solution File, Format Version 12.00
# Visual Studio 15
VisualStudioVersion = 15.0.28307.705
MinimumVisualStudioVersion = 10.0.40219.1
Project("{FAE04EC0-301F-11D3-BF4B-00C04F79EFBC}") = "WindowsView", "WindowsView\WindowsView.csproj", "{5D15F27C-2262-404C-886E-A44B8E3DC929}"
EndProject
Project("{FAE04EC0-301F-11D3-BF4B-00C04F79EFBC}") = "Controller", "Controller\Controller.csproj", "{0E4CEF7D-0DEB-4821-8E0C-2103BCF187D4}"
EndProject
Project("{FAE04EC0-301F-11D3-BF4B-00C04F79EFBC}") = "Model", "Model\Model.csproj", "{8C166F04-B831-442C-B93F-5F6CCE32C0C0}"
EndProject
Global
	GlobalSection(SolutionConfigurationPlatforms) = preSolution
		Debug|Any CPU = Debug|Any CPU
		Release|Any CPU = Release|Any CPU
	EndGlobalSection
	GlobalSection(ProjectConfigurationPlatforms) = postSolution
		{5D15F27C-2262-404C-886E-A44B8E3DC929}.Debug|Any CPU.ActiveCfg = Debug|Any CPU
		{5D15F27C-2262-404C-886E-A44B8E3DC929}.Debug|Any CPU.Build.0 = Debug|Any CPU
		{5D15F27C-2262-404C-886E-A44B8E3DC929}.Release|Any CPU.ActiveCfg = Release|Any CPU
		{5D15F27C-2262-404C-886E-A44B8E3DC929}.Release|Any CPU.Build.0 = Release|Any CPU
		{0E4CEF7D-0DEB-4821-8E0C-2103BCF187D4}.Debug|Any CPU.ActiveCfg = Debug|Any CPU
		{0E4CEF7D-0DEB-4821-8E0C-2103BCF187D4}.Debug|Any CPU.Build.0 = Debug|Any CPU
		{0E4CEF7D-0DEB-4821-8E0C-2103BCF187D4}.Release|Any CPU.ActiveCfg = Release|Any CPU
		{0E4CEF7D-0DEB-4821-8E0C-2103BCF187D4}.Release|Any CPU.Build.0 = Release|Any CPU
		{8C166F04-B831-442C-B93F-5F6CCE32C0C0}.Debug|Any CPU.ActiveCfg = Debug|Any CPU
		{8C166F04-B831-442C-B93F-5F6CCE32C0C0}.Debug|Any CPU.Build.0 = Debug|Any CPU
		{8C166F04-B831-442C-B93F-5F6CCE32C0C0}.Release|Any CPU.ActiveCfg = Release|Any CPU
		{8C166F04-B831-442C-B93F-5F6CCE32C0C0}.Release|Any CPU.Build.0 = Release|Any CPU
	EndGlobalSection
	GlobalSection(SolutionProperties) = preSolution
		HideSolutionNode = FALSE
	EndGlobalSection
	GlobalSection(ExtensibilityGlobals) = postSolution
		SolutionGuid = {6FED6528-3991-4C3D-A761-E6B9D3C29A71}
	EndGlobalSection
EndGlobal
