
Microsoft Visual Studio Solution File, Format Version 12.00
# Visual Studio 15
VisualStudioVersion = 15.0.28307.705
MinimumVisualStudioVersion = 10.0.40219.1
Project("{9A19103F-16F7-4668-BE54-9A1E7A4F7556}") = "Controller", "Controller\Controller.csproj", "{721468DE-59E0-4B22-BADA-CCFBA81996FA}"
EndProject
Project("{9A19103F-16F7-4668-BE54-9A1E7A4F7556}") = "View", "View\View.csproj", "{F727F4CB-2C81-45FC-9C29-02D635912776}"
EndProject
Project("{FAE04EC0-301F-11D3-BF4B-00C04F79EFBC}") = "Model", "Model\Model.csproj", "{794EC94E-03F2-4C58-9A7F-9F3FBE12AA60}"
EndProject
Global
	GlobalSection(SolutionConfigurationPlatforms) = preSolution
		Debug|Any CPU = Debug|Any CPU
		Release|Any CPU = Release|Any CPU
	EndGlobalSection
	GlobalSection(ProjectConfigurationPlatforms) = postSolution
		{721468DE-59E0-4B22-BADA-CCFBA81996FA}.Debug|Any CPU.ActiveCfg = Debug|Any CPU
		{721468DE-59E0-4B22-BADA-CCFBA81996FA}.Debug|Any CPU.Build.0 = Debug|Any CPU
		{721468DE-59E0-4B22-BADA-CCFBA81996FA}.Release|Any CPU.ActiveCfg = Release|Any CPU
		{721468DE-59E0-4B22-BADA-CCFBA81996FA}.Release|Any CPU.Build.0 = Release|Any CPU
		{F727F4CB-2C81-45FC-9C29-02D635912776}.Debug|Any CPU.ActiveCfg = Debug|Any CPU
		{F727F4CB-2C81-45FC-9C29-02D635912776}.Debug|Any CPU.Build.0 = Debug|Any CPU
		{F727F4CB-2C81-45FC-9C29-02D635912776}.Release|Any CPU.ActiveCfg = Release|Any CPU
		{F727F4CB-2C81-45FC-9C29-02D635912776}.Release|Any CPU.Build.0 = Release|Any CPU
		{794EC94E-03F2-4C58-9A7F-9F3FBE12AA60}.Debug|Any CPU.ActiveCfg = Debug|Any CPU
		{794EC94E-03F2-4C58-9A7F-9F3FBE12AA60}.Debug|Any CPU.Build.0 = Debug|Any CPU
		{794EC94E-03F2-4C58-9A7F-9F3FBE12AA60}.Release|Any CPU.ActiveCfg = Release|Any CPU
		{794EC94E-03F2-4C58-9A7F-9F3FBE12AA60}.Release|Any CPU.Build.0 = Release|Any CPU
	EndGlobalSection
	GlobalSection(SolutionProperties) = preSolution
		HideSolutionNode = FALSE
	EndGlobalSection
	GlobalSection(ExtensibilityGlobals) = postSolution
		SolutionGuid = {6FED6528-3991-4C3D-A761-E6B9D3C29A71}
	EndGlobalSection
EndGlobal
